
Microsoft Visual Studio Solution File, Format Version 12.00
# Visual Studio Version 17
VisualStudioVersion = 17.2.32505.173
MinimumVisualStudioVersion = 10.0.40219.1
Project("{9A19103F-16F7-4668-BE54-9A1E7A4F7556}") = "Agario", "Agario.csproj", "{38961705-AF3C-413A-B599-91C7AC702C3B}"
EndProject
Project("{FAE04EC0-301F-11D3-BF4B-00C04F79EFBC}") = "Engine", "..\Engine\Engine.csproj", "{2FE321E0-DDA9-410C-AA8F-4F372CCD6F64}"
EndProject
Global
	GlobalSection(SolutionConfigurationPlatforms) = preSolution
		Debug|Any CPU = Debug|Any CPU
		Release|Any CPU = Release|Any CPU
	EndGlobalSection
	GlobalSection(ProjectConfigurationPlatforms) = postSolution
		{38961705-AF3C-413A-B599-91C7AC702C3B}.Debug|Any CPU.ActiveCfg = Debug|Any CPU
		{38961705-AF3C-413A-B599-91C7AC702C3B}.Debug|Any CPU.Build.0 = Debug|Any CPU
		{38961705-AF3C-413A-B599-91C7AC702C3B}.Release|Any CPU.ActiveCfg = Release|Any CPU
		{38961705-AF3C-413A-B599-91C7AC702C3B}.Release|Any CPU.Build.0 = Release|Any CPU
		{2FE321E0-DDA9-410C-AA8F-4F372CCD6F64}.Debug|Any CPU.ActiveCfg = Debug|Any CPU
		{2FE321E0-DDA9-410C-AA8F-4F372CCD6F64}.Debug|Any CPU.Build.0 = Debug|Any CPU
		{2FE321E0-DDA9-410C-AA8F-4F372CCD6F64}.Release|Any CPU.ActiveCfg = Release|Any CPU
		{2FE321E0-DDA9-410C-AA8F-4F372CCD6F64}.Release|Any CPU.Build.0 = Release|Any CPU
	EndGlobalSection
	GlobalSection(SolutionProperties) = preSolution
		HideSolutionNode = FALSE
	EndGlobalSection
	GlobalSection(ExtensibilityGlobals) = postSolution
		SolutionGuid = {4F7777EA-375B-4C51-91D6-67CBFA13295F}
	EndGlobalSection
EndGlobal
